
Microsoft Visual Studio Solution File, Format Version 12.00
# Visual Studio Version 16
VisualStudioVersion = 16.0.31112.23
MinimumVisualStudioVersion = 10.0.40219.1
Project("{FAE04EC0-301F-11D3-BF4B-00C04F79EFBC}") = "TE29_HeartHealth_GCardiac", "TE29_HeartHealth_GCardiac\TE29_HeartHealth_GCardiac.csproj", "{626F3963-23ED-4EC2-AC60-C865A6E7F9D7}"
EndProject
Global
	GlobalSection(SolutionConfigurationPlatforms) = preSolution
		Debug|Any CPU = Debug|Any CPU
		Release|Any CPU = Release|Any CPU
	EndGlobalSection
	GlobalSection(ProjectConfigurationPlatforms) = postSolution
		{626F3963-23ED-4EC2-AC60-C865A6E7F9D7}.Debug|Any CPU.ActiveCfg = Debug|Any CPU
		{626F3963-23ED-4EC2-AC60-C865A6E7F9D7}.Debug|Any CPU.Build.0 = Debug|Any CPU
		{626F3963-23ED-4EC2-AC60-C865A6E7F9D7}.Release|Any CPU.ActiveCfg = Release|Any CPU
		{626F3963-23ED-4EC2-AC60-C865A6E7F9D7}.Release|Any CPU.Build.0 = Release|Any CPU
	EndGlobalSection
	GlobalSection(SolutionProperties) = preSolution
		HideSolutionNode = FALSE
	EndGlobalSection
	GlobalSection(ExtensibilityGlobals) = postSolution
		SolutionGuid = {E7309781-7E06-47A3-98F6-E3DC2998F089}
	EndGlobalSection
EndGlobal
